# generated by rye
# use `rye lock` or `rye sync` to update this lockfile
#
# last locked with the following flags:
#   pre: false
#   features: []
#   all-features: false
#   with-sources: false
#   generate-hashes: false

-e file:.
attrs==23.2.0
    # via inscar
contourpy==1.1.1
    # via inscar
importlib-metadata==7.1.0
    # via numba
llvmlite==0.41.1
    # via numba
numba==0.58.1
    # via inscar
numpy==1.24.4
    # via contourpy
    # via inscar
    # via numba
    # via scipy
scipy==1.10.1
    # via inscar
zipp==3.19.2
    # via importlib-metadata
